
Microsoft Visual Studio Solution File, Format Version 12.00
# Visual Studio Version 17
VisualStudioVersion = 17.0.32014.148
MinimumVisualStudioVersion = 10.0.40219.1
Project("{9A19103F-16F7-4668-BE54-9A1E7A4F7556}") = "Inventory_management", "Inventory_management\Inventory_management.csproj", "{CA10DA06-2204-4E1A-9F25-3CE656086FDE}"
EndProject
Project("{9A19103F-16F7-4668-BE54-9A1E7A4F7556}") = "Inventory_management.dal", "Inventory_management.dal\Inventory_management.dal.csproj", "{E8361B67-1C2D-45CE-A588-F3FBAEC15757}"
EndProject
Project("{FAE04EC0-301F-11D3-BF4B-00C04F79EFBC}") = "Inventory_management.bll", "Inventory_management.bll\Inventory_management.bll.csproj", "{F3F6457D-3474-4DB1-B3F6-F4E4E8CA1292}"
EndProject
Global
	GlobalSection(SolutionConfigurationPlatforms) = preSolution
		Debug|Any CPU = Debug|Any CPU
		Release|Any CPU = Release|Any CPU
	EndGlobalSection
	GlobalSection(ProjectConfigurationPlatforms) = postSolution
		{CA10DA06-2204-4E1A-9F25-3CE656086FDE}.Debug|Any CPU.ActiveCfg = Debug|Any CPU
		{CA10DA06-2204-4E1A-9F25-3CE656086FDE}.Debug|Any CPU.Build.0 = Debug|Any CPU
		{CA10DA06-2204-4E1A-9F25-3CE656086FDE}.Release|Any CPU.ActiveCfg = Release|Any CPU
		{CA10DA06-2204-4E1A-9F25-3CE656086FDE}.Release|Any CPU.Build.0 = Release|Any CPU
		{E8361B67-1C2D-45CE-A588-F3FBAEC15757}.Debug|Any CPU.ActiveCfg = Debug|Any CPU
		{E8361B67-1C2D-45CE-A588-F3FBAEC15757}.Debug|Any CPU.Build.0 = Debug|Any CPU
		{E8361B67-1C2D-45CE-A588-F3FBAEC15757}.Release|Any CPU.ActiveCfg = Release|Any CPU
		{E8361B67-1C2D-45CE-A588-F3FBAEC15757}.Release|Any CPU.Build.0 = Release|Any CPU
		{F3F6457D-3474-4DB1-B3F6-F4E4E8CA1292}.Debug|Any CPU.ActiveCfg = Debug|Any CPU
		{F3F6457D-3474-4DB1-B3F6-F4E4E8CA1292}.Debug|Any CPU.Build.0 = Debug|Any CPU
		{F3F6457D-3474-4DB1-B3F6-F4E4E8CA1292}.Release|Any CPU.ActiveCfg = Release|Any CPU
		{F3F6457D-3474-4DB1-B3F6-F4E4E8CA1292}.Release|Any CPU.Build.0 = Release|Any CPU
	EndGlobalSection
	GlobalSection(SolutionProperties) = preSolution
		HideSolutionNode = FALSE
	EndGlobalSection
	GlobalSection(ExtensibilityGlobals) = postSolution
		SolutionGuid = {07BA8FED-2C97-41FF-8FD0-4F7677DD2A4C}
	EndGlobalSection
EndGlobal
